
Microsoft Visual Studio Solution File, Format Version 12.00
# Visual Studio 14
VisualStudioVersion = 14.0.25420.1
MinimumVisualStudioVersion = 10.0.40219.1
Project("{FAE04EC0-301F-11D3-BF4B-00C04F79EFBC}") = "DiabloSpeech", "DiabloSpeech\DiabloSpeech.csproj", "{5B3DF163-CD50-4BFE-B449-6D5F30765CEA}"
EndProject
Project("{FAE04EC0-301F-11D3-BF4B-00C04F79EFBC}") = "DiabloInterfaceAPI", "..\dependencies\DiabloInterfaceAPI\DiabloInterfaceAPI.csproj", "{6C5FE104-50EF-47BD-85AC-4E4FAB37243E}"
EndProject
Project("{FAE04EC0-301F-11D3-BF4B-00C04F79EFBC}") = "Tests", "..\tests\Tests.csproj", "{EFC794F6-BECE-4C6B-9930-76FA214C2A6A}"
EndProject
Project("{FAE04EC0-301F-11D3-BF4B-00C04F79EFBC}") = "DiabloSpeech.Core", "DiabloSpeech.Core\DiabloSpeech.Core.csproj", "{D1A70A70-FD0A-4CA2-8B6B-374EBCBDF852}"
EndProject
Global
	GlobalSection(SolutionConfigurationPlatforms) = preSolution
		Debug|Any CPU = Debug|Any CPU
		Release|Any CPU = Release|Any CPU
	EndGlobalSection
	GlobalSection(ProjectConfigurationPlatforms) = postSolution
		{5B3DF163-CD50-4BFE-B449-6D5F30765CEA}.Debug|Any CPU.ActiveCfg = Debug|Any CPU
		{5B3DF163-CD50-4BFE-B449-6D5F30765CEA}.Debug|Any CPU.Build.0 = Debug|Any CPU
		{5B3DF163-CD50-4BFE-B449-6D5F30765CEA}.Release|Any CPU.ActiveCfg = Release|Any CPU
		{5B3DF163-CD50-4BFE-B449-6D5F30765CEA}.Release|Any CPU.Build.0 = Release|Any CPU
		{6C5FE104-50EF-47BD-85AC-4E4FAB37243E}.Debug|Any CPU.ActiveCfg = Debug|Any CPU
		{6C5FE104-50EF-47BD-85AC-4E4FAB37243E}.Debug|Any CPU.Build.0 = Debug|Any CPU
		{6C5FE104-50EF-47BD-85AC-4E4FAB37243E}.Release|Any CPU.ActiveCfg = Release|Any CPU
		{6C5FE104-50EF-47BD-85AC-4E4FAB37243E}.Release|Any CPU.Build.0 = Release|Any CPU
		{EFC794F6-BECE-4C6B-9930-76FA214C2A6A}.Debug|Any CPU.ActiveCfg = Debug|Any CPU
		{EFC794F6-BECE-4C6B-9930-76FA214C2A6A}.Debug|Any CPU.Build.0 = Debug|Any CPU
		{EFC794F6-BECE-4C6B-9930-76FA214C2A6A}.Release|Any CPU.ActiveCfg = Release|Any CPU
		{EFC794F6-BECE-4C6B-9930-76FA214C2A6A}.Release|Any CPU.Build.0 = Release|Any CPU
		{D1A70A70-FD0A-4CA2-8B6B-374EBCBDF852}.Debug|Any CPU.ActiveCfg = Debug|Any CPU
		{D1A70A70-FD0A-4CA2-8B6B-374EBCBDF852}.Debug|Any CPU.Build.0 = Debug|Any CPU
		{D1A70A70-FD0A-4CA2-8B6B-374EBCBDF852}.Release|Any CPU.ActiveCfg = Release|Any CPU
		{D1A70A70-FD0A-4CA2-8B6B-374EBCBDF852}.Release|Any CPU.Build.0 = Release|Any CPU
	EndGlobalSection
	GlobalSection(SolutionProperties) = preSolution
		HideSolutionNode = FALSE
	EndGlobalSection
EndGlobal
